
Microsoft Visual Studio Solution File, Format Version 12.00
# Visual Studio 15
VisualStudioVersion = 15.0.28307.106
MinimumVisualStudioVersion = 10.0.40219.1
Project("{FAE04EC0-301F-11D3-BF4B-00C04F79EFBC}") = "WpfApp1", "WpfApp1\WpfApp1.csproj", "{E85B195D-6F75-49AF-9622-29B37BB5C770}"
EndProject
Global
	GlobalSection(SolutionConfigurationPlatforms) = preSolution
		Debug|Any CPU = Debug|Any CPU
		Release|Any CPU = Release|Any CPU
	EndGlobalSection
	GlobalSection(ProjectConfigurationPlatforms) = postSolution
		{E85B195D-6F75-49AF-9622-29B37BB5C770}.Debug|Any CPU.ActiveCfg = Debug|Any CPU
		{E85B195D-6F75-49AF-9622-29B37BB5C770}.Debug|Any CPU.Build.0 = Debug|Any CPU
		{E85B195D-6F75-49AF-9622-29B37BB5C770}.Release|Any CPU.ActiveCfg = Release|Any CPU
		{E85B195D-6F75-49AF-9622-29B37BB5C770}.Release|Any CPU.Build.0 = Release|Any CPU
	EndGlobalSection
	GlobalSection(SolutionProperties) = preSolution
		HideSolutionNode = FALSE
	EndGlobalSection
	GlobalSection(ExtensibilityGlobals) = postSolution
		SolutionGuid = {FAD6F084-4F2E-4D9E-9596-991A8A53F34F}
	EndGlobalSection
EndGlobal
